
Microsoft Visual Studio Solution File, Format Version 12.00
# Visual Studio 15
VisualStudioVersion = 15.0.36617.4
MinimumVisualStudioVersion = 10.0.40219.1
Project("{159641D6-6404-4A2A-AE62-294DE0FE8301}") = "Chicago Crime WAD", "Chicago Crime WAD\Chicago Crime WAD.dtproj", "{D0A6D925-6919-4827-9DC6-EAEBB2365DBC}"
EndProject
Global
	GlobalSection(SolutionConfigurationPlatforms) = preSolution
		Development|Default = Development|Default
	EndGlobalSection
	GlobalSection(ProjectConfigurationPlatforms) = postSolution
		{D0A6D925-6919-4827-9DC6-EAEBB2365DBC}.Development|Default.ActiveCfg = Development
		{D0A6D925-6919-4827-9DC6-EAEBB2365DBC}.Development|Default.Build.0 = Development
	EndGlobalSection
	GlobalSection(SolutionProperties) = preSolution
		HideSolutionNode = FALSE
	EndGlobalSection
	GlobalSection(ExtensibilityGlobals) = postSolution
		SolutionGuid = {FCDBD8E3-415E-411A-8963-E4CF51CED9D8}
	EndGlobalSection
EndGlobal
