
Microsoft Visual Studio Solution File, Format Version 12.00
# Visual Studio 15
VisualStudioVersion = 15.0.37131.7
MinimumVisualStudioVersion = 10.0.40219.1
Project("{159641D6-6404-4A2A-AE62-294DE0FE8301}") = "CHICAGO_CRIME", "CHICAGO_CRIME\CHICAGO_CRIME.dtproj", "{29D6F919-13AB-41B6-B84D-8096B6702423}"
EndProject
Global
	GlobalSection(SolutionConfigurationPlatforms) = preSolution
		Development|Default = Development|Default
	EndGlobalSection
	GlobalSection(ProjectConfigurationPlatforms) = postSolution
		{29D6F919-13AB-41B6-B84D-8096B6702423}.Development|Default.ActiveCfg = Development
		{29D6F919-13AB-41B6-B84D-8096B6702423}.Development|Default.Build.0 = Development
	EndGlobalSection
	GlobalSection(SolutionProperties) = preSolution
		HideSolutionNode = FALSE
	EndGlobalSection
	GlobalSection(ExtensibilityGlobals) = postSolution
		SolutionGuid = {EECF4BBA-F3D4-4E0E-81BE-90C618E30FF5}
	EndGlobalSection
EndGlobal
